
Microsoft Visual Studio Solution File, Format Version 12.00
# Visual Studio Version 17
VisualStudioVersion = 17.4.33403.182
MinimumVisualStudioVersion = 10.0.40219.1
Project("{FAE04EC0-301F-11D3-BF4B-00C04F79EFBC}") = "While", "While.csproj", "{DAF015EE-634D-4E60-A708-415367C342EA}"
EndProject
Global
	GlobalSection(SolutionConfigurationPlatforms) = preSolution
		Debug|Any CPU = Debug|Any CPU
		Release|Any CPU = Release|Any CPU
	EndGlobalSection
	GlobalSection(ProjectConfigurationPlatforms) = postSolution
		{DAF015EE-634D-4E60-A708-415367C342EA}.Debug|Any CPU.ActiveCfg = Debug|Any CPU
		{DAF015EE-634D-4E60-A708-415367C342EA}.Debug|Any CPU.Build.0 = Debug|Any CPU
		{DAF015EE-634D-4E60-A708-415367C342EA}.Release|Any CPU.ActiveCfg = Release|Any CPU
		{DAF015EE-634D-4E60-A708-415367C342EA}.Release|Any CPU.Build.0 = Release|Any CPU
	EndGlobalSection
	GlobalSection(SolutionProperties) = preSolution
		HideSolutionNode = FALSE
	EndGlobalSection
	GlobalSection(ExtensibilityGlobals) = postSolution
		SolutionGuid = {EC3AE44C-851F-4476-AD32-DA30F50D0FDA}
	EndGlobalSection
EndGlobal
