
Microsoft Visual Studio Solution File, Format Version 12.00
# Visual Studio Version 17
VisualStudioVersion = 17.4.33403.182
MinimumVisualStudioVersion = 10.0.40219.1
Project("{FAE04EC0-301F-11D3-BF4B-00C04F79EFBC}") = "Metody Stringów", "Metody Stringów\Metody Stringów.csproj", "{4F3DE3C2-9460-45DC-8349-4E410E62A4BD}"
EndProject
Global
	GlobalSection(SolutionConfigurationPlatforms) = preSolution
		Debug|Any CPU = Debug|Any CPU
		Release|Any CPU = Release|Any CPU
	EndGlobalSection
	GlobalSection(ProjectConfigurationPlatforms) = postSolution
		{4F3DE3C2-9460-45DC-8349-4E410E62A4BD}.Debug|Any CPU.ActiveCfg = Debug|Any CPU
		{4F3DE3C2-9460-45DC-8349-4E410E62A4BD}.Debug|Any CPU.Build.0 = Debug|Any CPU
		{4F3DE3C2-9460-45DC-8349-4E410E62A4BD}.Release|Any CPU.ActiveCfg = Release|Any CPU
		{4F3DE3C2-9460-45DC-8349-4E410E62A4BD}.Release|Any CPU.Build.0 = Release|Any CPU
	EndGlobalSection
	GlobalSection(SolutionProperties) = preSolution
		HideSolutionNode = FALSE
	EndGlobalSection
	GlobalSection(ExtensibilityGlobals) = postSolution
		SolutionGuid = {B48B1248-1EAD-46A2-863C-5ACB93C68389}
	EndGlobalSection
EndGlobal
