
Microsoft Visual Studio Solution File, Format Version 12.00
# Visual Studio Version 17
VisualStudioVersion = 17.4.33403.182
MinimumVisualStudioVersion = 10.0.40219.1
Project("{FAE04EC0-301F-11D3-BF4B-00C04F79EFBC}") = "Tablica", "Tablica.csproj", "{6E103158-CC79-41D8-B874-E7E96194B9A8}"
EndProject
Global
	GlobalSection(SolutionConfigurationPlatforms) = preSolution
		Debug|Any CPU = Debug|Any CPU
		Release|Any CPU = Release|Any CPU
	EndGlobalSection
	GlobalSection(ProjectConfigurationPlatforms) = postSolution
		{6E103158-CC79-41D8-B874-E7E96194B9A8}.Debug|Any CPU.ActiveCfg = Debug|Any CPU
		{6E103158-CC79-41D8-B874-E7E96194B9A8}.Debug|Any CPU.Build.0 = Debug|Any CPU
		{6E103158-CC79-41D8-B874-E7E96194B9A8}.Release|Any CPU.ActiveCfg = Release|Any CPU
		{6E103158-CC79-41D8-B874-E7E96194B9A8}.Release|Any CPU.Build.0 = Release|Any CPU
	EndGlobalSection
	GlobalSection(SolutionProperties) = preSolution
		HideSolutionNode = FALSE
	EndGlobalSection
	GlobalSection(ExtensibilityGlobals) = postSolution
		SolutionGuid = {B1FCE426-D66C-47C5-9ACF-818476AE01B4}
	EndGlobalSection
EndGlobal
