
Microsoft Visual Studio Solution File, Format Version 12.00
# Visual Studio Version 17
VisualStudioVersion = 17.4.33403.182
MinimumVisualStudioVersion = 10.0.40219.1
Project("{FAE04EC0-301F-11D3-BF4B-00C04F79EFBC}") = "Zagniezdzone If", "Zagniezdzone If.csproj", "{52C2E553-42EB-4EE0-9C6D-3E95F282B3DA}"
EndProject
Global
	GlobalSection(SolutionConfigurationPlatforms) = preSolution
		Debug|Any CPU = Debug|Any CPU
		Release|Any CPU = Release|Any CPU
	EndGlobalSection
	GlobalSection(ProjectConfigurationPlatforms) = postSolution
		{52C2E553-42EB-4EE0-9C6D-3E95F282B3DA}.Debug|Any CPU.ActiveCfg = Debug|Any CPU
		{52C2E553-42EB-4EE0-9C6D-3E95F282B3DA}.Debug|Any CPU.Build.0 = Debug|Any CPU
		{52C2E553-42EB-4EE0-9C6D-3E95F282B3DA}.Release|Any CPU.ActiveCfg = Release|Any CPU
		{52C2E553-42EB-4EE0-9C6D-3E95F282B3DA}.Release|Any CPU.Build.0 = Release|Any CPU
	EndGlobalSection
	GlobalSection(SolutionProperties) = preSolution
		HideSolutionNode = FALSE
	EndGlobalSection
	GlobalSection(ExtensibilityGlobals) = postSolution
		SolutionGuid = {146AA3F9-6798-4BF8-9E5C-6B11C58F4E48}
	EndGlobalSection
EndGlobal
