
Microsoft Visual Studio Solution File, Format Version 12.00
# Visual Studio Version 17
VisualStudioVersion = 17.4.33403.182
MinimumVisualStudioVersion = 10.0.40219.1
Project("{FAE04EC0-301F-11D3-BF4B-00C04F79EFBC}") = "Zmienne2", "Zmienne2\Zmienne2.csproj", "{9951F1EA-1241-4728-A639-B3DA7939290D}"
EndProject
Global
	GlobalSection(SolutionConfigurationPlatforms) = preSolution
		Debug|Any CPU = Debug|Any CPU
		Release|Any CPU = Release|Any CPU
	EndGlobalSection
	GlobalSection(ProjectConfigurationPlatforms) = postSolution
		{9951F1EA-1241-4728-A639-B3DA7939290D}.Debug|Any CPU.ActiveCfg = Debug|Any CPU
		{9951F1EA-1241-4728-A639-B3DA7939290D}.Debug|Any CPU.Build.0 = Debug|Any CPU
		{9951F1EA-1241-4728-A639-B3DA7939290D}.Release|Any CPU.ActiveCfg = Release|Any CPU
		{9951F1EA-1241-4728-A639-B3DA7939290D}.Release|Any CPU.Build.0 = Release|Any CPU
	EndGlobalSection
	GlobalSection(SolutionProperties) = preSolution
		HideSolutionNode = FALSE
	EndGlobalSection
	GlobalSection(ExtensibilityGlobals) = postSolution
		SolutionGuid = {B045B776-1237-4829-9FD0-D0258CB8572B}
	EndGlobalSection
EndGlobal
