
Microsoft Visual Studio Solution File, Format Version 12.00
# Visual Studio Version 17
VisualStudioVersion = 17.4.33403.182
MinimumVisualStudioVersion = 10.0.40219.1
Project("{FAE04EC0-301F-11D3-BF4B-00C04F79EFBC}") = "If z TryParse", "If z TryParse.csproj", "{314E1094-2AF5-4367-8B33-2340A07A1F87}"
EndProject
Global
	GlobalSection(SolutionConfigurationPlatforms) = preSolution
		Debug|Any CPU = Debug|Any CPU
		Release|Any CPU = Release|Any CPU
	EndGlobalSection
	GlobalSection(ProjectConfigurationPlatforms) = postSolution
		{314E1094-2AF5-4367-8B33-2340A07A1F87}.Debug|Any CPU.ActiveCfg = Debug|Any CPU
		{314E1094-2AF5-4367-8B33-2340A07A1F87}.Debug|Any CPU.Build.0 = Debug|Any CPU
		{314E1094-2AF5-4367-8B33-2340A07A1F87}.Release|Any CPU.ActiveCfg = Release|Any CPU
		{314E1094-2AF5-4367-8B33-2340A07A1F87}.Release|Any CPU.Build.0 = Release|Any CPU
	EndGlobalSection
	GlobalSection(SolutionProperties) = preSolution
		HideSolutionNode = FALSE
	EndGlobalSection
	GlobalSection(ExtensibilityGlobals) = postSolution
		SolutionGuid = {33E9A596-1371-4EDF-BC9A-AB75DE496566}
	EndGlobalSection
EndGlobal
