
Microsoft Visual Studio Solution File, Format Version 12.00
# Visual Studio Version 17
VisualStudioVersion = 17.4.33403.182
MinimumVisualStudioVersion = 10.0.40219.1
Project("{FAE04EC0-301F-11D3-BF4B-00C04F79EFBC}") = "Zadanko do Metod", "Zadanko do Metod.csproj", "{55B8797E-2D1F-47E4-B63E-CFBF850DDEEA}"
EndProject
Global
	GlobalSection(SolutionConfigurationPlatforms) = preSolution
		Debug|Any CPU = Debug|Any CPU
		Release|Any CPU = Release|Any CPU
	EndGlobalSection
	GlobalSection(ProjectConfigurationPlatforms) = postSolution
		{55B8797E-2D1F-47E4-B63E-CFBF850DDEEA}.Debug|Any CPU.ActiveCfg = Debug|Any CPU
		{55B8797E-2D1F-47E4-B63E-CFBF850DDEEA}.Debug|Any CPU.Build.0 = Debug|Any CPU
		{55B8797E-2D1F-47E4-B63E-CFBF850DDEEA}.Release|Any CPU.ActiveCfg = Release|Any CPU
		{55B8797E-2D1F-47E4-B63E-CFBF850DDEEA}.Release|Any CPU.Build.0 = Release|Any CPU
	EndGlobalSection
	GlobalSection(SolutionProperties) = preSolution
		HideSolutionNode = FALSE
	EndGlobalSection
	GlobalSection(ExtensibilityGlobals) = postSolution
		SolutionGuid = {73F12D78-B0D6-4477-81E8-B047477C166A}
	EndGlobalSection
EndGlobal
