
Microsoft Visual Studio Solution File, Format Version 12.00
# Visual Studio Version 17
VisualStudioVersion = 17.4.33403.182
MinimumVisualStudioVersion = 10.0.40219.1
Project("{FAE04EC0-301F-11D3-BF4B-00C04F79EFBC}") = "Zmienne", "Zmienne\Zmienne.csproj", "{AA9472F4-9840-4DD6-A479-CFE9F76BF781}"
EndProject
Global
	GlobalSection(SolutionConfigurationPlatforms) = preSolution
		Debug|Any CPU = Debug|Any CPU
		Release|Any CPU = Release|Any CPU
	EndGlobalSection
	GlobalSection(ProjectConfigurationPlatforms) = postSolution
		{AA9472F4-9840-4DD6-A479-CFE9F76BF781}.Debug|Any CPU.ActiveCfg = Debug|Any CPU
		{AA9472F4-9840-4DD6-A479-CFE9F76BF781}.Debug|Any CPU.Build.0 = Debug|Any CPU
		{AA9472F4-9840-4DD6-A479-CFE9F76BF781}.Release|Any CPU.ActiveCfg = Release|Any CPU
		{AA9472F4-9840-4DD6-A479-CFE9F76BF781}.Release|Any CPU.Build.0 = Release|Any CPU
	EndGlobalSection
	GlobalSection(SolutionProperties) = preSolution
		HideSolutionNode = FALSE
	EndGlobalSection
	GlobalSection(ExtensibilityGlobals) = postSolution
		SolutionGuid = {9F1B0DF6-C7F5-448B-839D-BF50A3796557}
	EndGlobalSection
EndGlobal
