
Microsoft Visual Studio Solution File, Format Version 12.00
# Visual Studio Version 17
VisualStudioVersion = 17.4.33403.182
MinimumVisualStudioVersion = 10.0.40219.1
Project("{FAE04EC0-301F-11D3-BF4B-00C04F79EFBC}") = "Challange", "Challange.csproj", "{DA54A525-1CA7-41C9-9EA6-AA4B7610572A}"
EndProject
Global
	GlobalSection(SolutionConfigurationPlatforms) = preSolution
		Debug|Any CPU = Debug|Any CPU
		Release|Any CPU = Release|Any CPU
	EndGlobalSection
	GlobalSection(ProjectConfigurationPlatforms) = postSolution
		{DA54A525-1CA7-41C9-9EA6-AA4B7610572A}.Debug|Any CPU.ActiveCfg = Debug|Any CPU
		{DA54A525-1CA7-41C9-9EA6-AA4B7610572A}.Debug|Any CPU.Build.0 = Debug|Any CPU
		{DA54A525-1CA7-41C9-9EA6-AA4B7610572A}.Release|Any CPU.ActiveCfg = Release|Any CPU
		{DA54A525-1CA7-41C9-9EA6-AA4B7610572A}.Release|Any CPU.Build.0 = Release|Any CPU
	EndGlobalSection
	GlobalSection(SolutionProperties) = preSolution
		HideSolutionNode = FALSE
	EndGlobalSection
	GlobalSection(ExtensibilityGlobals) = postSolution
		SolutionGuid = {3EA482CE-4520-4800-BBC0-50FB9CA05EA1}
	EndGlobalSection
EndGlobal
