
Microsoft Visual Studio Solution File, Format Version 12.00
# Visual Studio Version 17
VisualStudioVersion = 17.4.33403.182
MinimumVisualStudioVersion = 10.0.40219.1
Project("{FAE04EC0-301F-11D3-BF4B-00C04F79EFBC}") = "Obsluga Bledow", "Obsluga Bledow.csproj", "{F2705EB2-236B-419D-8E00-CA12784C9F7E}"
EndProject
Global
	GlobalSection(SolutionConfigurationPlatforms) = preSolution
		Debug|Any CPU = Debug|Any CPU
		Release|Any CPU = Release|Any CPU
	EndGlobalSection
	GlobalSection(ProjectConfigurationPlatforms) = postSolution
		{F2705EB2-236B-419D-8E00-CA12784C9F7E}.Debug|Any CPU.ActiveCfg = Debug|Any CPU
		{F2705EB2-236B-419D-8E00-CA12784C9F7E}.Debug|Any CPU.Build.0 = Debug|Any CPU
		{F2705EB2-236B-419D-8E00-CA12784C9F7E}.Release|Any CPU.ActiveCfg = Release|Any CPU
		{F2705EB2-236B-419D-8E00-CA12784C9F7E}.Release|Any CPU.Build.0 = Release|Any CPU
	EndGlobalSection
	GlobalSection(SolutionProperties) = preSolution
		HideSolutionNode = FALSE
	EndGlobalSection
	GlobalSection(ExtensibilityGlobals) = postSolution
		SolutionGuid = {00CEE881-060C-4BB8-9B44-FD35642A3EC4}
	EndGlobalSection
EndGlobal
